
Microsoft Visual Studio Solution File, Format Version 12.00
# Visual Studio 15
VisualStudioVersion = 15.0.26020.0
MinimumVisualStudioVersion = 10.0.40219.1
Project("{FAE04EC0-301F-11D3-BF4B-00C04F79EFBC}") = "OverviewApp", "Overview Application\OverviewApp.csproj", "{0D83B556-00B5-45F7-82C2-4F4DC49DF4BE}"
EndProject
Project("{FAE04EC0-301F-11D3-BF4B-00C04F79EFBC}") = "Common", "Common\Common.csproj", "{01E31FB8-8D8F-42C5-A825-E36AC71B664A}"
EndProject
Project("{FAE04EC0-301F-11D3-BF4B-00C04F79EFBC}") = "DataStructures", "DataStructures\DataStructures.csproj", "{BC9A1BE5-53DD-4FA4-9C80-9EA063BF4766}"
EndProject
Project("{FAE04EC0-301F-11D3-BF4B-00C04F79EFBC}") = "QDMSClient", "..\qdms\QDMSClient\QDMSClient.csproj", "{28833EE8-5A50-4772-9071-3D16FBF21134}"
EndProject
Project("{FAE04EC0-301F-11D3-BF4B-00C04F79EFBC}") = "QDMS", "..\qdms\QDMS\QDMS.csproj", "{7EA40D71-4D14-4B86-B07D-932959FA0D20}"
EndProject
Project("{FAE04EC0-301F-11D3-BF4B-00C04F79EFBC}") = "EntityData", "..\qdms\EntityData\EntityData.csproj", "{AEA3426E-81B7-4C7E-A1CC-29743229CDCC}"
EndProject
Global
	GlobalSection(SolutionConfigurationPlatforms) = preSolution
		Debug|Any CPU = Debug|Any CPU
		Release|Any CPU = Release|Any CPU
	EndGlobalSection
	GlobalSection(ProjectConfigurationPlatforms) = postSolution
		{0D83B556-00B5-45F7-82C2-4F4DC49DF4BE}.Debug|Any CPU.ActiveCfg = Debug|Any CPU
		{0D83B556-00B5-45F7-82C2-4F4DC49DF4BE}.Debug|Any CPU.Build.0 = Debug|Any CPU
		{0D83B556-00B5-45F7-82C2-4F4DC49DF4BE}.Release|Any CPU.ActiveCfg = Release|Any CPU
		{0D83B556-00B5-45F7-82C2-4F4DC49DF4BE}.Release|Any CPU.Build.0 = Release|Any CPU
		{01E31FB8-8D8F-42C5-A825-E36AC71B664A}.Debug|Any CPU.ActiveCfg = Debug|Any CPU
		{01E31FB8-8D8F-42C5-A825-E36AC71B664A}.Debug|Any CPU.Build.0 = Debug|Any CPU
		{01E31FB8-8D8F-42C5-A825-E36AC71B664A}.Release|Any CPU.ActiveCfg = Release|Any CPU
		{01E31FB8-8D8F-42C5-A825-E36AC71B664A}.Release|Any CPU.Build.0 = Release|Any CPU
		{BC9A1BE5-53DD-4FA4-9C80-9EA063BF4766}.Debug|Any CPU.ActiveCfg = Debug|Any CPU
		{BC9A1BE5-53DD-4FA4-9C80-9EA063BF4766}.Debug|Any CPU.Build.0 = Debug|Any CPU
		{BC9A1BE5-53DD-4FA4-9C80-9EA063BF4766}.Release|Any CPU.ActiveCfg = Release|Any CPU
		{BC9A1BE5-53DD-4FA4-9C80-9EA063BF4766}.Release|Any CPU.Build.0 = Release|Any CPU
		{28833EE8-5A50-4772-9071-3D16FBF21134}.Debug|Any CPU.ActiveCfg = Debug|Any CPU
		{28833EE8-5A50-4772-9071-3D16FBF21134}.Debug|Any CPU.Build.0 = Debug|Any CPU
		{28833EE8-5A50-4772-9071-3D16FBF21134}.Release|Any CPU.ActiveCfg = Release|Any CPU
		{28833EE8-5A50-4772-9071-3D16FBF21134}.Release|Any CPU.Build.0 = Release|Any CPU
		{7EA40D71-4D14-4B86-B07D-932959FA0D20}.Debug|Any CPU.ActiveCfg = Debug|Any CPU
		{7EA40D71-4D14-4B86-B07D-932959FA0D20}.Debug|Any CPU.Build.0 = Debug|Any CPU
		{7EA40D71-4D14-4B86-B07D-932959FA0D20}.Release|Any CPU.ActiveCfg = Release|Any CPU
		{7EA40D71-4D14-4B86-B07D-932959FA0D20}.Release|Any CPU.Build.0 = Release|Any CPU
		{AEA3426E-81B7-4C7E-A1CC-29743229CDCC}.Debug|Any CPU.ActiveCfg = Debug|Any CPU
		{AEA3426E-81B7-4C7E-A1CC-29743229CDCC}.Debug|Any CPU.Build.0 = Debug|Any CPU
		{AEA3426E-81B7-4C7E-A1CC-29743229CDCC}.Release|Any CPU.ActiveCfg = Release|Any CPU
		{AEA3426E-81B7-4C7E-A1CC-29743229CDCC}.Release|Any CPU.Build.0 = Release|Any CPU
	EndGlobalSection
	GlobalSection(SolutionProperties) = preSolution
		HideSolutionNode = FALSE
	EndGlobalSection
	GlobalSection(CodealikeProperties) = postSolution
		SolutionGuid = 3f2b8c97-edc2-4a5e-b832-c88ca54d39de
	EndGlobalSection
EndGlobal
